
Microsoft Visual Studio Solution File, Format Version 12.00
# Visual Studio Version 17
VisualStudioVersion = 17.4.33122.133
MinimumVisualStudioVersion = 10.0.40219.1
Project("{FAE04EC0-301F-11D3-BF4B-00C04F79EFBC}") = "Users", "Users.csproj", "{73F5A8D9-CDB6-4508-867A-034BC028AF3A}"
EndProject
Global
	GlobalSection(SolutionConfigurationPlatforms) = preSolution
		Debug|Any CPU = Debug|Any CPU
		Release|Any CPU = Release|Any CPU
	EndGlobalSection
	GlobalSection(ProjectConfigurationPlatforms) = postSolution
		{73F5A8D9-CDB6-4508-867A-034BC028AF3A}.Debug|Any CPU.ActiveCfg = Debug|Any CPU
		{73F5A8D9-CDB6-4508-867A-034BC028AF3A}.Debug|Any CPU.Build.0 = Debug|Any CPU
		{73F5A8D9-CDB6-4508-867A-034BC028AF3A}.Release|Any CPU.ActiveCfg = Release|Any CPU
		{73F5A8D9-CDB6-4508-867A-034BC028AF3A}.Release|Any CPU.Build.0 = Release|Any CPU
	EndGlobalSection
	GlobalSection(SolutionProperties) = preSolution
		HideSolutionNode = FALSE
	EndGlobalSection
	GlobalSection(ExtensibilityGlobals) = postSolution
		SolutionGuid = {A1E92DCD-8B0B-40F1-804F-A6C5AAE98102}
	EndGlobalSection
EndGlobal
